{
    __meta__ = {
        version = "1.0"
    },
    ["windows|x64"] = {
        ["cmake#31fecfc4"] = {
            repo = {
                branch = "master",
                commit = "d885463d7cea3253b436ded2f4f17fd8423c4eaa",
                url = "https://github.com/xmake-io/xmake-repo.git"
            },
            version = "3.30.0"
        },
        ["directxmath#9c36f0a9"] = {
            repo = {
                branch = "master",
                commit = "b0001567aa8a1db3d94c12a7c219d84fe2ab073c",
                url = "https://github.com/xmake-io/xmake-repo.git"
            },
            version = "2024.02"
        },
        ["directxtk#9c36f0a9"] = {
            repo = {
                branch = "master",
                commit = "b0001567aa8a1db3d94c12a7c219d84fe2ab073c",
                url = "https://github.com/xmake-io/xmake-repo.git"
            },
            version = "24.2.0"
        },
        ["magic_enum#31fecfc4"] = {
            repo = {
                branch = "master",
                commit = "b0001567aa8a1db3d94c12a7c219d84fe2ab073c",
                url = "https://github.com/xmake-io/xmake-repo.git"
            },
            version = "v0.9.6"
        },
        ["nlohmann_json#31fecfc4"] = {
            repo = {
                branch = "master",
                commit = "b0001567aa8a1db3d94c12a7c219d84fe2ab073c",
                url = "https://github.com/xmake-io/xmake-repo.git"
            },
            version = "v3.11.3"
        },
        ["rapidcsv#31fecfc4"] = {
            repo = {
                branch = "master",
                commit = "06eef0d257af5da49b023c8dec39f9d2700f608f",
                url = "https://gitlab.com/tboox/xmake-repo.git"
            },
            version = "8.83"
        },
        ["spdlog#9c36f0a9"] = {
            repo = {
                branch = "master",
                commit = "d885463d7cea3253b436ded2f4f17fd8423c4eaa",
                url = "https://github.com/xmake-io/xmake-repo.git"
            },
            version = "v1.13.0"
        },
        ["unordered_dense#31fecfc4"] = {
            repo = {
                branch = "master",
                commit = "b0001567aa8a1db3d94c12a7c219d84fe2ab073c",
                url = "https://github.com/xmake-io/xmake-repo.git"
            },
            version = "v4.4.0"
        }
    }
}